
Microsoft Visual Studio Solution File, Format Version 12.00
# Visual Studio 15
VisualStudioVersion = 15.0.28307.168
MinimumVisualStudioVersion = 10.0.40219.1
Project("{FAE04EC0-301F-11D3-BF4B-00C04F79EFBC}") = "WPFUI", "WPFUI\WPFUI.csproj", "{192EDA6D-0773-4802-9239-3DBE0FE0A494}"
EndProject
Global
	GlobalSection(SolutionConfigurationPlatforms) = preSolution
		Debug|Any CPU = Debug|Any CPU
		Release|Any CPU = Release|Any CPU
	EndGlobalSection
	GlobalSection(ProjectConfigurationPlatforms) = postSolution
		{192EDA6D-0773-4802-9239-3DBE0FE0A494}.Debug|Any CPU.ActiveCfg = Debug|Any CPU
		{192EDA6D-0773-4802-9239-3DBE0FE0A494}.Debug|Any CPU.Build.0 = Debug|Any CPU
		{192EDA6D-0773-4802-9239-3DBE0FE0A494}.Release|Any CPU.ActiveCfg = Release|Any CPU
		{192EDA6D-0773-4802-9239-3DBE0FE0A494}.Release|Any CPU.Build.0 = Release|Any CPU
	EndGlobalSection
	GlobalSection(SolutionProperties) = preSolution
		HideSolutionNode = FALSE
	EndGlobalSection
	GlobalSection(ExtensibilityGlobals) = postSolution
		SolutionGuid = {4AF966C1-5A31-4C0B-A394-F4E0C8515E03}
	EndGlobalSection
EndGlobal
